
Microsoft Visual Studio Solution File, Format Version 12.00
# Visual Studio Version 17
VisualStudioVersion = 17.4.33205.214
MinimumVisualStudioVersion = 10.0.40219.1
Project("{9A19103F-16F7-4668-BE54-9A1E7A4F7556}") = "IDAAI APP", "IDAAI APP.csproj", "{C3296E11-63BA-4ABE-9D79-E0ECE8F93678}"
EndProject
Project("{E53339B2-1760-4266-BCC7-CA923CBCF16C}") = "docker-compose", "docker-compose.dcproj", "{2B9773D8-B0F5-49B7-8B7E-9698E63AEE36}"
EndProject
Global
	GlobalSection(SolutionConfigurationPlatforms) = preSolution
		Debug|Any CPU = Debug|Any CPU
		Release|Any CPU = Release|Any CPU
	EndGlobalSection
	GlobalSection(ProjectConfigurationPlatforms) = postSolution
		{C3296E11-63BA-4ABE-9D79-E0ECE8F93678}.Debug|Any CPU.ActiveCfg = Debug|Any CPU
		{C3296E11-63BA-4ABE-9D79-E0ECE8F93678}.Debug|Any CPU.Build.0 = Debug|Any CPU
		{C3296E11-63BA-4ABE-9D79-E0ECE8F93678}.Release|Any CPU.ActiveCfg = Release|Any CPU
		{C3296E11-63BA-4ABE-9D79-E0ECE8F93678}.Release|Any CPU.Build.0 = Release|Any CPU
		{2B9773D8-B0F5-49B7-8B7E-9698E63AEE36}.Debug|Any CPU.ActiveCfg = Debug|Any CPU
		{2B9773D8-B0F5-49B7-8B7E-9698E63AEE36}.Debug|Any CPU.Build.0 = Debug|Any CPU
		{2B9773D8-B0F5-49B7-8B7E-9698E63AEE36}.Release|Any CPU.ActiveCfg = Release|Any CPU
		{2B9773D8-B0F5-49B7-8B7E-9698E63AEE36}.Release|Any CPU.Build.0 = Release|Any CPU
	EndGlobalSection
	GlobalSection(SolutionProperties) = preSolution
		HideSolutionNode = FALSE
	EndGlobalSection
	GlobalSection(ExtensibilityGlobals) = postSolution
		SolutionGuid = {F9C8DC29-2965-4A7A-9B0F-6E4A22D324BA}
	EndGlobalSection
EndGlobal
