
Microsoft Visual Studio Solution File, Format Version 12.00
# Visual Studio Version 17
VisualStudioVersion = 17.4.33110.190
MinimumVisualStudioVersion = 10.0.40219.1
Project("{9A19103F-16F7-4668-BE54-9A1E7A4F7556}") = "IDAAI API", "IDAAI API.csproj", "{0AF3AC07-2634-41BA-BCF1-256BB6D92143}"
EndProject
Project("{E53339B2-1760-4266-BCC7-CA923CBCF16C}") = "docker-compose", "docker-compose.dcproj", "{92D0F453-2F8C-4C2C-816F-538823D8077A}"
EndProject
Global
	GlobalSection(SolutionConfigurationPlatforms) = preSolution
		Debug|Any CPU = Debug|Any CPU
		Release|Any CPU = Release|Any CPU
	EndGlobalSection
	GlobalSection(ProjectConfigurationPlatforms) = postSolution
		{0AF3AC07-2634-41BA-BCF1-256BB6D92143}.Debug|Any CPU.ActiveCfg = Debug|Any CPU
		{0AF3AC07-2634-41BA-BCF1-256BB6D92143}.Debug|Any CPU.Build.0 = Debug|Any CPU
		{0AF3AC07-2634-41BA-BCF1-256BB6D92143}.Release|Any CPU.ActiveCfg = Release|Any CPU
		{0AF3AC07-2634-41BA-BCF1-256BB6D92143}.Release|Any CPU.Build.0 = Release|Any CPU
		{92D0F453-2F8C-4C2C-816F-538823D8077A}.Debug|Any CPU.ActiveCfg = Debug|Any CPU
		{92D0F453-2F8C-4C2C-816F-538823D8077A}.Debug|Any CPU.Build.0 = Debug|Any CPU
		{92D0F453-2F8C-4C2C-816F-538823D8077A}.Release|Any CPU.ActiveCfg = Release|Any CPU
		{92D0F453-2F8C-4C2C-816F-538823D8077A}.Release|Any CPU.Build.0 = Release|Any CPU
	EndGlobalSection
	GlobalSection(SolutionProperties) = preSolution
		HideSolutionNode = FALSE
	EndGlobalSection
	GlobalSection(ExtensibilityGlobals) = postSolution
		SolutionGuid = {957BE19D-1835-45CC-9F6D-FF758F4C0224}
	EndGlobalSection
EndGlobal
